{
  "name": "dsh-opencode-go-plus",
  "version": "1.0.0",
  "lockfileVersion": 3,
  "requires": true,
  "packages": {
    "": {
      "name": "dsh-opencode-go-plus",
      "version": "1.0.0",
      "license": "MIT",
      "engines": {
        "node": ">=18"
      },
      "peerDependencies": {
        "@deepseek-ai/dsh-credentials": "^0.1.6-alpha.1",
        "@deepseek-ai/dsh-launch-environment": "^0.1.6-alpha.1",
        "@deepseek-ai/dsh-llm": "^0.1.6-alpha.1"
      }
    },
    "../../../.nvm/versions/node/v24.19.0/lib/node_modules/@deepseek-ai/dsh/node_modules/@deepseek-ai/dsh-credentials": {
      "version": "0.1.6-alpha.1",
      "license": "MIT",
      "peer": true,
      "dependencies": {
        "@deepseek-ai/dsh-brand": "^0.1.6-alpha.1"
      },
      "devDependencies": {
        "@deepseek-ai/cordis": "^4.0.2",
        "@deepseek-ai/dsh-invariants": "^0.1.6-alpha.1"
      },
      "peerDependencies": {
        "@deepseek-ai/cordis": "^4.0.2",
        "@deepseek-ai/dsh-invariants": "^0.1.6-alpha.1"
      }
    },
    "../../../.nvm/versions/node/v24.19.0/lib/node_modules/@deepseek-ai/dsh/node_modules/@deepseek-ai/dsh-launch-environment": {
      "version": "0.1.6-alpha.1",
      "license": "MIT",
      "peer": true,
      "devDependencies": {
        "@deepseek-ai/cordis": "^4.0.2"
      },
      "peerDependencies": {
        "@deepseek-ai/cordis": "^4.0.2"
      }
    },
    "../../../.nvm/versions/node/v24.19.0/lib/node_modules/@deepseek-ai/dsh/node_modules/@deepseek-ai/dsh-llm": {
      "version": "0.1.6-alpha.1",
      "license": "MIT",
      "peer": true,
      "dependencies": {
        "@deepseek-ai/dsh-brand": "^0.1.6-alpha.1",
        "@deepseek-ai/dsh-timeout": "^0.1.6-alpha.1",
        "@deepseek-ai/dsh-typert-protocol": "^0.1.6-alpha.1",
        "@deepseek-ai/dsh-util-crypto": "^0.1.6-alpha.1",
        "@deepseek-ai/dsh-util-values": "^0.1.6-alpha.1",
        "@deepseek-ai/schemastery": "^3.18.2",
        "zod": "^4.4.3"
      },
      "devDependencies": {
        "@deepseek-ai/cordis": "^4.0.2",
        "@deepseek-ai/dsh-attachment": "^0.1.6-alpha.1",
        "@deepseek-ai/dsh-invariants": "^0.1.6-alpha.1"
      },
      "peerDependencies": {
        "@deepseek-ai/cordis": "^4.0.2"
      }
    },
    "node_modules/@deepseek-ai/dsh-credentials": {
      "resolved": "../../../.nvm/versions/node/v24.19.0/lib/node_modules/@deepseek-ai/dsh/node_modules/@deepseek-ai/dsh-credentials",
      "link": true
    },
    "node_modules/@deepseek-ai/dsh-launch-environment": {
      "resolved": "../../../.nvm/versions/node/v24.19.0/lib/node_modules/@deepseek-ai/dsh/node_modules/@deepseek-ai/dsh-launch-environment",
      "link": true
    },
    "node_modules/@deepseek-ai/dsh-llm": {
      "resolved": "../../../.nvm/versions/node/v24.19.0/lib/node_modules/@deepseek-ai/dsh/node_modules/@deepseek-ai/dsh-llm",
      "link": true
    }
  }
}
